
Microsoft Visual Studio Solution File, Format Version 12.00
# Visual Studio 14
VisualStudioVersion = 14.0.23107.0
MinimumVisualStudioVersion = 10.0.40219.1
Project("{FAE04EC0-301F-11D3-BF4B-00C04F79EFBC}") = "Forwarding.MvcApp", "Forwarding.MvcApp\Forwarding.MvcApp.csproj", "{7E8C13A8-8B62-4E55-81EF-312B911C34D0}"
EndProject
Global
	GlobalSection(SolutionConfigurationPlatforms) = preSolution
		Debug|Any CPU = Debug|Any CPU
		Release|Any CPU = Release|Any CPU
	EndGlobalSection
	GlobalSection(ProjectConfigurationPlatforms) = postSolution
		{7E8C13A8-8B62-4E55-81EF-312B911C34D0}.Debug|Any CPU.ActiveCfg = Debug|Any CPU
		{7E8C13A8-8B62-4E55-81EF-312B911C34D0}.Debug|Any CPU.Build.0 = Debug|Any CPU
		{7E8C13A8-8B62-4E55-81EF-312B911C34D0}.Release|Any CPU.ActiveCfg = Release|Any CPU
		{7E8C13A8-8B62-4E55-81EF-312B911C34D0}.Release|Any CPU.Build.0 = Release|Any CPU
	EndGlobalSection
	GlobalSection(SolutionProperties) = preSolution
		HideSolutionNode = FALSE
	EndGlobalSection
	GlobalSection(ExtensibilityGlobals) = postSolution
		SolutionGuid = {9D7BAED8-4C53-4868-B80D-55E31FD1DA8D}
	EndGlobalSection
	GlobalSection(TeamFoundationVersionControl) = preSolution
		SccNumberOfProjects = 2
		SccEnterpriseProvider = {4CA58AB2-18FA-4F8D-95D4-32DDF27D184C}
		SccTeamFoundationServer = http://132.148.164.140:8080/tfs/forwardinglogisticweb
		SccLocalPath0 = .
		SccProjectUniqueName1 = Forwarding.MvcApp\\Forwarding.MvcApp.csproj
		SccProjectName1 = Forwarding.MvcApp
		SccLocalPath1 = Forwarding.MvcApp
	EndGlobalSection
EndGlobal
